{
  "name": "finallycomments",
  "version": "0.1.0",
  "lockfileVersion": 1,
  "requires": true,
  "dependencies": {
    "iframe-resizer": {
      "version": "3.6.0",
      "resolved": "https://registry.npmjs.org/iframe-resizer/-/iframe-resizer-3.6.0.tgz",
      "integrity": "sha512-6MOdtPE6tG0RPtNwUjKUFS09Gn/ltf2rBDrDNW8oSUKyi9LmeVd0I8Mlss4wxqyptUJrkTTxIOPSovjCyzy4hw=="
    }
  }
}
